
Microsoft Visual Studio Solution File, Format Version 12.00
# Visual Studio Version 16
VisualStudioVersion = 16.0.30804.86
MinimumVisualStudioVersion = 10.0.40219.1
Project("{FAE04EC0-301F-11D3-BF4B-00C04F79EFBC}") = "task-scheduler", "task-scheduler\task-scheduler.csproj", "{DE3CDC69-2AF9-4966-998C-B87EDB3646C8}"
EndProject
Project("{FAE04EC0-301F-11D3-BF4B-00C04F79EFBC}") = "task-scheduler-entities", "task-scheduler-entities\task-scheduler-entities.csproj", "{9C4B11BA-1459-4D45-BE95-31FAC5639338}"
EndProject
Project("{FAE04EC0-301F-11D3-BF4B-00C04F79EFBC}") = "task-scheduler-entity-tests", "task-schedule-entity-tests\task-scheduler-entity-tests.csproj", "{74627B04-0258-417A-AA29-D98DB9A6FCF5}"
EndProject
Global
	GlobalSection(SolutionConfigurationPlatforms) = preSolution
		Debug|Any CPU = Debug|Any CPU
		Release|Any CPU = Release|Any CPU
	EndGlobalSection
	GlobalSection(ProjectConfigurationPlatforms) = postSolution
		{DE3CDC69-2AF9-4966-998C-B87EDB3646C8}.Debug|Any CPU.ActiveCfg = Debug|Any CPU
		{DE3CDC69-2AF9-4966-998C-B87EDB3646C8}.Debug|Any CPU.Build.0 = Debug|Any CPU
		{DE3CDC69-2AF9-4966-998C-B87EDB3646C8}.Release|Any CPU.ActiveCfg = Release|Any CPU
		{DE3CDC69-2AF9-4966-998C-B87EDB3646C8}.Release|Any CPU.Build.0 = Release|Any CPU
		{9C4B11BA-1459-4D45-BE95-31FAC5639338}.Debug|Any CPU.ActiveCfg = Debug|Any CPU
		{9C4B11BA-1459-4D45-BE95-31FAC5639338}.Debug|Any CPU.Build.0 = Debug|Any CPU
		{9C4B11BA-1459-4D45-BE95-31FAC5639338}.Release|Any CPU.ActiveCfg = Release|Any CPU
		{9C4B11BA-1459-4D45-BE95-31FAC5639338}.Release|Any CPU.Build.0 = Release|Any CPU
		{74627B04-0258-417A-AA29-D98DB9A6FCF5}.Debug|Any CPU.ActiveCfg = Debug|Any CPU
		{74627B04-0258-417A-AA29-D98DB9A6FCF5}.Debug|Any CPU.Build.0 = Debug|Any CPU
		{74627B04-0258-417A-AA29-D98DB9A6FCF5}.Release|Any CPU.ActiveCfg = Release|Any CPU
		{74627B04-0258-417A-AA29-D98DB9A6FCF5}.Release|Any CPU.Build.0 = Release|Any CPU
	EndGlobalSection
	GlobalSection(SolutionProperties) = preSolution
		HideSolutionNode = FALSE
	EndGlobalSection
	GlobalSection(ExtensibilityGlobals) = postSolution
		SolutionGuid = {A1764E35-2749-41D8-AAEC-70B5E0D0DBBF}
	EndGlobalSection
EndGlobal
